
Microsoft Visual Studio Solution File, Format Version 12.00
# Visual Studio Version 16
VisualStudioVersion = 16.0.31129.286
MinimumVisualStudioVersion = 10.0.40219.1
Project("{9A19103F-16F7-4668-BE54-9A1E7A4F7556}") = "PedidosAPI", "PedidosAPI.csproj", "{E9CD11F8-0C27-49B0-8D9C-D47E491F7D7A}"
EndProject
Project("{FAE04EC0-301F-11D3-BF4B-00C04F79EFBC}") = "PedidosAPI.Test", "..\PedidosAPI.Test\PedidosAPI.Test.csproj", "{AD753A9C-62F9-4388-98E5-1B31375DB293}"
EndProject
Global
	GlobalSection(SolutionConfigurationPlatforms) = preSolution
		Debug|Any CPU = Debug|Any CPU
		Release|Any CPU = Release|Any CPU
	EndGlobalSection
	GlobalSection(ProjectConfigurationPlatforms) = postSolution
		{E9CD11F8-0C27-49B0-8D9C-D47E491F7D7A}.Debug|Any CPU.ActiveCfg = Debug|Any CPU
		{E9CD11F8-0C27-49B0-8D9C-D47E491F7D7A}.Debug|Any CPU.Build.0 = Debug|Any CPU
		{E9CD11F8-0C27-49B0-8D9C-D47E491F7D7A}.Release|Any CPU.ActiveCfg = Release|Any CPU
		{E9CD11F8-0C27-49B0-8D9C-D47E491F7D7A}.Release|Any CPU.Build.0 = Release|Any CPU
		{AD753A9C-62F9-4388-98E5-1B31375DB293}.Debug|Any CPU.ActiveCfg = Debug|Any CPU
		{AD753A9C-62F9-4388-98E5-1B31375DB293}.Debug|Any CPU.Build.0 = Debug|Any CPU
		{AD753A9C-62F9-4388-98E5-1B31375DB293}.Release|Any CPU.ActiveCfg = Release|Any CPU
		{AD753A9C-62F9-4388-98E5-1B31375DB293}.Release|Any CPU.Build.0 = Release|Any CPU
	EndGlobalSection
	GlobalSection(SolutionProperties) = preSolution
		HideSolutionNode = FALSE
	EndGlobalSection
	GlobalSection(ExtensibilityGlobals) = postSolution
		SolutionGuid = {1D975629-C71B-4B19-B1C2-D51387F3FF17}
	EndGlobalSection
EndGlobal
